{
  "requires": true,
  "lockfileVersion": 1,
  "dependencies": {
    "matter-attractors-f": {
      "version": "0.1.7",
      "resolved": "https://registry.npmjs.org/matter-attractors-f/-/matter-attractors-f-0.1.7.tgz",
      "integrity": "sha512-eTiyHbkNFVn1+Fzx9sQ2t8j5r7aAIWHV96Cnlya8SpZX2B5YnhCZP0Is5fNXPBGl15I+Ud3KC3OyItfbibF18Q=="
    }
  }
}
